
Microsoft Visual Studio Solution File, Format Version 12.00
# Visual Studio Version 17
VisualStudioVersion = 17.0.31903.59
MinimumVisualStudioVersion = 10.0.40219.1
Project("{2150E333-8FDC-42A3-9474-1A3956D46DE8}") = "src", "src", "{298B0C19-6460-43BB-8395-4E14F603820C}"
EndProject
Project("{FAE04EC0-301F-11D3-BF4B-00C04F79EFBC}") = "AuctionService", "src\AuctionService\AuctionService.csproj", "{C40E2A3F-3CAB-4AF6-86AE-8325CFCDB586}"
EndProject
Project("{FAE04EC0-301F-11D3-BF4B-00C04F79EFBC}") = "SearchService", "src\SearchService\SearchService.csproj", "{F4FEB939-4596-49D8-8EA2-5C29F9304D92}"
EndProject
Project("{FAE04EC0-301F-11D3-BF4B-00C04F79EFBC}") = "Contracts", "src\Contracts\Contracts.csproj", "{BF233EF9-3153-4410-8D7F-4799D6B4EDB1}"
EndProject
Project("{FAE04EC0-301F-11D3-BF4B-00C04F79EFBC}") = "IdentityService", "src\IdentityService\IdentityService.csproj", "{845C95BE-83AE-48E8-8B20-4AAFA789E025}"
EndProject
Global
	GlobalSection(SolutionConfigurationPlatforms) = preSolution
		Debug|Any CPU = Debug|Any CPU
		Release|Any CPU = Release|Any CPU
	EndGlobalSection
	GlobalSection(SolutionProperties) = preSolution
		HideSolutionNode = FALSE
	EndGlobalSection
	GlobalSection(ProjectConfigurationPlatforms) = postSolution
		{C40E2A3F-3CAB-4AF6-86AE-8325CFCDB586}.Debug|Any CPU.ActiveCfg = Debug|Any CPU
		{C40E2A3F-3CAB-4AF6-86AE-8325CFCDB586}.Debug|Any CPU.Build.0 = Debug|Any CPU
		{C40E2A3F-3CAB-4AF6-86AE-8325CFCDB586}.Release|Any CPU.ActiveCfg = Release|Any CPU
		{C40E2A3F-3CAB-4AF6-86AE-8325CFCDB586}.Release|Any CPU.Build.0 = Release|Any CPU
		{F4FEB939-4596-49D8-8EA2-5C29F9304D92}.Debug|Any CPU.ActiveCfg = Debug|Any CPU
		{F4FEB939-4596-49D8-8EA2-5C29F9304D92}.Debug|Any CPU.Build.0 = Debug|Any CPU
		{F4FEB939-4596-49D8-8EA2-5C29F9304D92}.Release|Any CPU.ActiveCfg = Release|Any CPU
		{F4FEB939-4596-49D8-8EA2-5C29F9304D92}.Release|Any CPU.Build.0 = Release|Any CPU
		{BF233EF9-3153-4410-8D7F-4799D6B4EDB1}.Debug|Any CPU.ActiveCfg = Debug|Any CPU
		{BF233EF9-3153-4410-8D7F-4799D6B4EDB1}.Debug|Any CPU.Build.0 = Debug|Any CPU
		{BF233EF9-3153-4410-8D7F-4799D6B4EDB1}.Release|Any CPU.ActiveCfg = Release|Any CPU
		{BF233EF9-3153-4410-8D7F-4799D6B4EDB1}.Release|Any CPU.Build.0 = Release|Any CPU
		{845C95BE-83AE-48E8-8B20-4AAFA789E025}.Debug|Any CPU.ActiveCfg = Debug|Any CPU
		{845C95BE-83AE-48E8-8B20-4AAFA789E025}.Debug|Any CPU.Build.0 = Debug|Any CPU
		{845C95BE-83AE-48E8-8B20-4AAFA789E025}.Release|Any CPU.ActiveCfg = Release|Any CPU
		{845C95BE-83AE-48E8-8B20-4AAFA789E025}.Release|Any CPU.Build.0 = Release|Any CPU
	EndGlobalSection
	GlobalSection(NestedProjects) = preSolution
		{C40E2A3F-3CAB-4AF6-86AE-8325CFCDB586} = {298B0C19-6460-43BB-8395-4E14F603820C}
		{F4FEB939-4596-49D8-8EA2-5C29F9304D92} = {298B0C19-6460-43BB-8395-4E14F603820C}
		{BF233EF9-3153-4410-8D7F-4799D6B4EDB1} = {298B0C19-6460-43BB-8395-4E14F603820C}
		{845C95BE-83AE-48E8-8B20-4AAFA789E025} = {298B0C19-6460-43BB-8395-4E14F603820C}
	EndGlobalSection
EndGlobal
